Microsoft Visual Studio Solution File, Format Version 12.00
# Visual Studio Version 18
VisualStudioVersion = 18.0.11222.15
MinimumVisualStudioVersion = 15.0.26124.0
Project("{9A19103F-16F7-4668-BE54-9A1E7A4F7556}") = "Api", "Api\Api.csproj", "{29D5387E-BACC-4C91-B661-FC7156556C82}"
EndProject
Project("{9A19103F-16F7-4668-BE54-9A1E7A4F7556}") = "Data", "Data\Data.csproj", "{4D6D1553-4EBC-4F57-90DC-CF86F06C1331}"
EndProject
Project("{9A19103F-16F7-4668-BE54-9A1E7A4F7556}") = "Core", "Core\Core.csproj", "{D3391B16-7A9C-4246-8A8B-BA1F8870C075}"
EndProject
Project("{2150E333-8FDC-42A3-9474-1A3956D46DE8}") = "Infrastructure", "Infrastructure", "{40D59E8C-DE75-4AED-89C5-BBEB641F14CD}"
EndProject
Project("{9A19103F-16F7-4668-BE54-9A1E7A4F7556}") = "Services", "Services\Services.csproj", "{5E32322C-9B64-452C-AA47-12639FA2F545}"
EndProject
Project("{FAE04EC0-301F-11D3-BF4B-00C04F79EFBC}") = "SeedData", "SeedData\SeedData.csproj", "{4CBAF000-7FCC-C288-7C09-9F5282F47CA9}"
EndProject
Project("{FAE04EC0-301F-11D3-BF4B-00C04F79EFBC}") = "Api.IntegrationTests", "Api.IntegrationTests\Api.IntegrationTests.csproj", "{E7C0C5AD-DF97-4DBB-96A8-8A86317AD2F7}"
EndProject
Project("{2150E333-8FDC-42A3-9474-1A3956D46DE8}") = "Testing", "Testing", "{0DF9452B-7411-4285-A3CA-F914F8BBB09B}"
EndProject
Project("{E53339B2-1760-4266-BCC7-CA923CBCF16C}") = "docker-compose", "docker-compose.dcproj", "{81DDED9D-158B-E303-5F62-77A2896D2A5A}"
EndProject
Global
	GlobalSection(SolutionConfigurationPlatforms) = preSolution
		Debug|Any CPU = Debug|Any CPU
		Debug|x64 = Debug|x64
		Debug|x86 = Debug|x86
		Release|Any CPU = Release|Any CPU
		Release|x64 = Release|x64
		Release|x86 = Release|x86
	EndGlobalSection
	GlobalSection(ProjectConfigurationPlatforms) = postSolution
		{29D5387E-BACC-4C91-B661-FC7156556C82}.Debug|Any CPU.ActiveCfg = Debug|Any CPU
		{29D5387E-BACC-4C91-B661-FC7156556C82}.Debug|Any CPU.Build.0 = Debug|Any CPU
		{29D5387E-BACC-4C91-B661-FC7156556C82}.Debug|x64.ActiveCfg = Debug|Any CPU
		{29D5387E-BACC-4C91-B661-FC7156556C82}.Debug|x64.Build.0 = Debug|Any CPU
		{29D5387E-BACC-4C91-B661-FC7156556C82}.Debug|x86.ActiveCfg = Debug|Any CPU
		{29D5387E-BACC-4C91-B661-FC7156556C82}.Debug|x86.Build.0 = Debug|Any CPU
		{29D5387E-BACC-4C91-B661-FC7156556C82}.Release|Any CPU.ActiveCfg = Release|Any CPU
		{29D5387E-BACC-4C91-B661-FC7156556C82}.Release|Any CPU.Build.0 = Release|Any CPU
		{29D5387E-BACC-4C91-B661-FC7156556C82}.Release|x64.ActiveCfg = Release|Any CPU
		{29D5387E-BACC-4C91-B661-FC7156556C82}.Release|x64.Build.0 = Release|Any CPU
		{29D5387E-BACC-4C91-B661-FC7156556C82}.Release|x86.ActiveCfg = Release|Any CPU
		{29D5387E-BACC-4C91-B661-FC7156556C82}.Release|x86.Build.0 = Release|Any CPU
		{4D6D1553-4EBC-4F57-90DC-CF86F06C1331}.Debug|Any CPU.ActiveCfg = Debug|Any CPU
		{4D6D1553-4EBC-4F57-90DC-CF86F06C1331}.Debug|Any CPU.Build.0 = Debug|Any CPU
		{4D6D1553-4EBC-4F57-90DC-CF86F06C1331}.Debug|x64.ActiveCfg = Debug|Any CPU
		{4D6D1553-4EBC-4F57-90DC-CF86F06C1331}.Debug|x64.Build.0 = Debug|Any CPU
		{4D6D1553-4EBC-4F57-90DC-CF86F06C1331}.Debug|x86.ActiveCfg = Debug|Any CPU
		{4D6D1553-4EBC-4F57-90DC-CF86F06C1331}.Debug|x86.Build.0 = Debug|Any CPU
		{4D6D1553-4EBC-4F57-90DC-CF86F06C1331}.Release|Any CPU.ActiveCfg = Release|Any CPU
		{4D6D1553-4EBC-4F57-90DC-CF86F06C1331}.Release|Any CPU.Build.0 = Release|Any CPU
		{4D6D1553-4EBC-4F57-90DC-CF86F06C1331}.Release|x64.ActiveCfg = Release|Any CPU
		{4D6D1553-4EBC-4F57-90DC-CF86F06C1331}.Release|x64.Build.0 = Release|Any CPU
		{4D6D1553-4EBC-4F57-90DC-CF86F06C1331}.Release|x86.ActiveCfg = Release|Any CPU
		{4D6D1553-4EBC-4F57-90DC-CF86F06C1331}.Release|x86.Build.0 = Release|Any CPU
		{D3391B16-7A9C-4246-8A8B-BA1F8870C075}.Debug|Any CPU.ActiveCfg = Debug|Any CPU
		{D3391B16-7A9C-4246-8A8B-BA1F8870C075}.Debug|Any CPU.Build.0 = Debug|Any CPU
		{D3391B16-7A9C-4246-8A8B-BA1F8870C075}.Debug|x64.ActiveCfg = Debug|Any CPU
		{D3391B16-7A9C-4246-8A8B-BA1F8870C075}.Debug|x64.Build.0 = Debug|Any CPU
		{D3391B16-7A9C-4246-8A8B-BA1F8870C075}.Debug|x86.ActiveCfg = Debug|Any CPU
		{D3391B16-7A9C-4246-8A8B-BA1F8870C075}.Debug|x86.Build.0 = Debug|Any CPU
		{D3391B16-7A9C-4246-8A8B-BA1F8870C075}.Release|Any CPU.ActiveCfg = Release|Any CPU
		{D3391B16-7A9C-4246-8A8B-BA1F8870C075}.Release|Any CPU.Build.0 = Release|Any CPU
		{D3391B16-7A9C-4246-8A8B-BA1F8870C075}.Release|x64.ActiveCfg = Release|Any CPU
		{D3391B16-7A9C-4246-8A8B-BA1F8870C075}.Release|x64.Build.0 = Release|Any CPU
		{D3391B16-7A9C-4246-8A8B-BA1F8870C075}.Release|x86.ActiveCfg = Release|Any CPU
		{D3391B16-7A9C-4246-8A8B-BA1F8870C075}.Release|x86.Build.0 = Release|Any CPU
		{5E32322C-9B64-452C-AA47-12639FA2F545}.Debug|Any CPU.ActiveCfg = Debug|Any CPU
		{5E32322C-9B64-452C-AA47-12639FA2F545}.Debug|Any CPU.Build.0 = Debug|Any CPU
		{5E32322C-9B64-452C-AA47-12639FA2F545}.Debug|x64.ActiveCfg = Debug|Any CPU
		{5E32322C-9B64-452C-AA47-12639FA2F545}.Debug|x64.Build.0 = Debug|Any CPU
		{5E32322C-9B64-452C-AA47-12639FA2F545}.Debug|x86.ActiveCfg = Debug|Any CPU
		{5E32322C-9B64-452C-AA47-12639FA2F545}.Debug|x86.Build.0 = Debug|Any CPU
		{5E32322C-9B64-452C-AA47-12639FA2F545}.Release|Any CPU.ActiveCfg = Release|Any CPU
		{5E32322C-9B64-452C-AA47-12639FA2F545}.Release|Any CPU.Build.0 = Release|Any CPU
		{5E32322C-9B64-452C-AA47-12639FA2F545}.Release|x64.ActiveCfg = Release|Any CPU
		{5E32322C-9B64-452C-AA47-12639FA2F545}.Release|x64.Build.0 = Release|Any CPU
		{5E32322C-9B64-452C-AA47-12639FA2F545}.Release|x86.ActiveCfg = Release|Any CPU
		{5E32322C-9B64-452C-AA47-12639FA2F545}.Release|x86.Build.0 = Release|Any CPU
		{4CBAF000-7FCC-C288-7C09-9F5282F47CA9}.Debug|Any CPU.ActiveCfg = Debug|Any CPU
		{4CBAF000-7FCC-C288-7C09-9F5282F47CA9}.Debug|Any CPU.Build.0 = Debug|Any CPU
		{4CBAF000-7FCC-C288-7C09-9F5282F47CA9}.Debug|x64.ActiveCfg = Debug|Any CPU
		{4CBAF000-7FCC-C288-7C09-9F5282F47CA9}.Debug|x64.Build.0 = Debug|Any CPU
		{4CBAF000-7FCC-C288-7C09-9F5282F47CA9}.Debug|x86.ActiveCfg = Debug|Any CPU
		{4CBAF000-7FCC-C288-7C09-9F5282F47CA9}.Debug|x86.Build.0 = Debug|Any CPU
		{4CBAF000-7FCC-C288-7C09-9F5282F47CA9}.Release|Any CPU.ActiveCfg = Release|Any CPU
		{4CBAF000-7FCC-C288-7C09-9F5282F47CA9}.Release|Any CPU.Build.0 = Release|Any CPU
		{4CBAF000-7FCC-C288-7C09-9F5282F47CA9}.Release|x64.ActiveCfg = Release|Any CPU
		{4CBAF000-7FCC-C288-7C09-9F5282F47CA9}.Release|x64.Build.0 = Release|Any CPU
		{4CBAF000-7FCC-C288-7C09-9F5282F47CA9}.Release|x86.ActiveCfg = Release|Any CPU
		{4CBAF000-7FCC-C288-7C09-9F5282F47CA9}.Release|x86.Build.0 = Release|Any CPU
		{E7C0C5AD-DF97-4DBB-96A8-8A86317AD2F7}.Debug|Any CPU.ActiveCfg = Debug|Any CPU
		{E7C0C5AD-DF97-4DBB-96A8-8A86317AD2F7}.Debug|Any CPU.Build.0 = Debug|Any CPU
		{E7C0C5AD-DF97-4DBB-96A8-8A86317AD2F7}.Debug|x64.ActiveCfg = Debug|Any CPU
		{E7C0C5AD-DF97-4DBB-96A8-8A86317AD2F7}.Debug|x64.Build.0 = Debug|Any CPU
		{E7C0C5AD-DF97-4DBB-96A8-8A86317AD2F7}.Debug|x86.ActiveCfg = Debug|Any CPU
		{E7C0C5AD-DF97-4DBB-96A8-8A86317AD2F7}.Debug|x86.Build.0 = Debug|Any CPU
		{E7C0C5AD-DF97-4DBB-96A8-8A86317AD2F7}.Release|Any CPU.ActiveCfg = Release|Any CPU
		{E7C0C5AD-DF97-4DBB-96A8-8A86317AD2F7}.Release|Any CPU.Build.0 = Release|Any CPU
		{E7C0C5AD-DF97-4DBB-96A8-8A86317AD2F7}.Release|x64.ActiveCfg = Release|Any CPU
		{E7C0C5AD-DF97-4DBB-96A8-8A86317AD2F7}.Release|x64.Build.0 = Release|Any CPU
		{E7C0C5AD-DF97-4DBB-96A8-8A86317AD2F7}.Release|x86.ActiveCfg = Release|Any CPU
		{E7C0C5AD-DF97-4DBB-96A8-8A86317AD2F7}.Release|x86.Build.0 = Release|Any CPU
		{81DDED9D-158B-E303-5F62-77A2896D2A5A}.Debug|Any CPU.ActiveCfg = Debug|Any CPU
		{81DDED9D-158B-E303-5F62-77A2896D2A5A}.Debug|Any CPU.Build.0 = Debug|Any CPU
		{81DDED9D-158B-E303-5F62-77A2896D2A5A}.Debug|x64.ActiveCfg = Debug|Any CPU
		{81DDED9D-158B-E303-5F62-77A2896D2A5A}.Debug|x64.Build.0 = Debug|Any CPU
		{81DDED9D-158B-E303-5F62-77A2896D2A5A}.Debug|x86.ActiveCfg = Debug|Any CPU
		{81DDED9D-158B-E303-5F62-77A2896D2A5A}.Debug|x86.Build.0 = Debug|Any CPU
		{81DDED9D-158B-E303-5F62-77A2896D2A5A}.Release|Any CPU.ActiveCfg = Release|Any CPU
		{81DDED9D-158B-E303-5F62-77A2896D2A5A}.Release|Any CPU.Build.0 = Release|Any CPU
		{81DDED9D-158B-E303-5F62-77A2896D2A5A}.Release|x64.ActiveCfg = Release|Any CPU
		{81DDED9D-158B-E303-5F62-77A2896D2A5A}.Release|x64.Build.0 = Release|Any CPU
		{81DDED9D-158B-E303-5F62-77A2896D2A5A}.Release|x86.ActiveCfg = Release|Any CPU
		{81DDED9D-158B-E303-5F62-77A2896D2A5A}.Release|x86.Build.0 = Release|Any CPU
	EndGlobalSection
	GlobalSection(SolutionProperties) = preSolution
		HideSolutionNode = FALSE
	EndGlobalSection
	GlobalSection(NestedProjects) = preSolution
		{4D6D1553-4EBC-4F57-90DC-CF86F06C1331} = {40D59E8C-DE75-4AED-89C5-BBEB641F14CD}
		{5E32322C-9B64-452C-AA47-12639FA2F545} = {40D59E8C-DE75-4AED-89C5-BBEB641F14CD}
		{4CBAF000-7FCC-C288-7C09-9F5282F47CA9} = {40D59E8C-DE75-4AED-89C5-BBEB641F14CD}
		{E7C0C5AD-DF97-4DBB-96A8-8A86317AD2F7} = {0DF9452B-7411-4285-A3CA-F914F8BBB09B}
	EndGlobalSection
	GlobalSection(ExtensibilityGlobals) = postSolution
		SolutionGuid = {10E0C739-6AC1-4313-BF53-68DDCBBCD71B}
	EndGlobalSection
EndGlobal
